// !$*UTF8*$!
{
	archiveVersion = 1;
	classes = {
	};
	objectVersion = 56;
	objects = {

/* Begin PBXBuildFile section */
		97A0FCB829AC8FA20077161E /* AppDelegate.swift in Sources */ = {isa = PBXBuildFile; fileRef = 97A0FCB729AC8FA20077161E /* AppDelegate.swift */; };
		97A0FCBA29AC8FA20077161E /* SceneDelegate.swift in Sources */ = {isa = PBXBuildFile; fileRef = 97A0FCB929AC8FA20077161E /* SceneDelegate.swift */; };
		97A0FCBC29AC8FA20077161E /* ViewController.swift in Sources */ = {isa = PBXBuildFile; fileRef = 97A0FCBB29AC8FA20077161E /* ViewController.swift */; };
		97A0FCBF29AC8FA20077161E /* Main.storyboard in Resources */ = {isa = PBXBuildFile; fileRef = 97A0FCBD29AC8FA20077161E /* Main.storyboard */; };
		97A0FCC129AC8FA50077161E /* Assets.xcassets in Resources */ = {isa = PBXBuildFile; fileRef = 97A0FCC029AC8FA50077161E /* Assets.xcassets */; };
		97A0FCC429AC8FA50077161E /* LaunchScreen.storyboard in Resources */ = {isa = PBXBuildFile; fileRef = 97A0FCC229AC8FA50077161E /* LaunchScreen.storyboard */; };
		97C1965F29ADA20A0036804A /* PlayerListTableViewCell.swift in Sources */ = {isa = PBXBuildFile; fileRef = 97C1965D29ADA20A0036804A /* PlayerListTableViewCell.swift */; };
		97C1966029ADA20A0036804A /* PlayerListTableViewCell.xib in Resources */ = {isa = PBXBuildFile; fileRef = 97C1965E29ADA20A0036804A /* PlayerListTableViewCell.xib */; };
		97C1966329ADAF940036804A /* PlayerModel.swift in Sources */ = {isa = PBXBuildFile; fileRef = 97C1966229ADAF940036804A /* PlayerModel.swift */; };
		97C1966529ADB2350036804A /* PlayerListTableViewController.swift in Sources */ = {isa = PBXBuildFile; fileRef = 97C1966429ADB2350036804A /* PlayerListTableViewController.swift */; };
		97C1966729ADB8D50036804A /* PlayerDetailViewController.swift in Sources */ = {isa = PBXBuildFile; fileRef = 97C1966629ADB8D50036804A /* PlayerDetailViewController.swift */; };
		97FF7F2129AEF569005B2380 /* PlayerCollectionViewCell.swift in Sources */ = {isa = PBXBuildFile; fileRef = 97FF7F2029AEF569005B2380 /* PlayerCollectionViewCell.swift */; };
		97FF7F2329AEFFAB005B2380 /* PlayerCollectionReusableView.swift in Sources */ = {isa = PBXBuildFile; fileRef = 97FF7F2229AEFFAB005B2380 /* PlayerCollectionReusableView.swift */; };
		97FF7F2529AF05CB005B2380 /* PlayerScrollViewController.swift in Sources */ = {isa = PBXBuildFile; fileRef = 97FF7F2429AF05CB005B2380 /* PlayerScrollViewController.swift */; };
/* End PBXBuildFile section */

/* Begin PBXFileReference section */
		97A0FCB429AC8FA20077161E /* basic-story.app */ = {isa = PBXFileReference; explicitFileType = wrapper.application; includeInIndex = 0; path = "basic-story.app"; sourceTree = BUILT_PRODUCTS_DIR; };
		97A0FCB729AC8FA20077161E /* AppDelegate.swift */ = {isa = PBXFileReference; lastKnownFileType = sourcecode.swift; path = AppDelegate.swift; sourceTree = "<group>"; };
		97A0FCB929AC8FA20077161E /* SceneDelegate.swift */ = {isa = PBXFileReference; lastKnownFileType = sourcecode.swift; path = SceneDelegate.swift; sourceTree = "<group>"; };
		97A0FCBB29AC8FA20077161E /* ViewController.swift */ = {isa = PBXFileReference; lastKnownFileType = sourcecode.swift; path = ViewController.swift; sourceTree = "<group>"; };
		97A0FCBE29AC8FA20077161E /* Base */ = {isa = PBXFileReference; lastKnownFileType = file.storyboard; name = Base; path = Base.lproj/Main.storyboard; sourceTree = "<group>"; };
		97A0FCC029AC8FA50077161E /* Assets.xcassets */ = {isa = PBXFileReference; lastKnownFileType = folder.assetcatalog; path = Assets.xcassets; sourceTree = "<group>"; };
		97A0FCC329AC8FA50077161E /* Base */ = {isa = PBXFileReference; lastKnownFileType = file.storyboard; name = Base; path = Base.lproj/LaunchScreen.storyboard; sourceTree = "<group>"; };
		97A0FCC529AC8FA50077161E /* Info.plist */ = {isa = PBXFileReference; lastKnownFileType = text.plist.xml; path = Info.plist; sourceTree = "<group>"; };
		97C1965D29ADA20A0036804A /* PlayerListTableViewCell.swift */ = {isa = PBXFileReference; lastKnownFileType = sourcecode.swift; path = PlayerListTableViewCell.swift; sourceTree = "<group>"; };
		97C1965E29ADA20A0036804A /* PlayerListTableViewCell.xib */ = {isa = PBXFileReference; lastKnownFileType = file.xib; path = PlayerListTableViewCell.xib; sourceTree = "<group>"; };
		97C1966229ADAF940036804A /* PlayerModel.swift */ = {isa = PBXFileReference; lastKnownFileType = sourcecode.swift; path = PlayerModel.swift; sourceTree = "<group>"; };
		97C1966429ADB2350036804A /* PlayerListTableViewController.swift */ = {isa = PBXFileReference; lastKnownFileType = sourcecode.swift; path = PlayerListTableViewController.swift; sourceTree = "<group>"; };
		97C1966629ADB8D50036804A /* PlayerDetailViewController.swift */ = {isa = PBXFileReference; lastKnownFileType = sourcecode.swift; path = PlayerDetailViewController.swift; sourceTree = "<group>"; };
		97FF7F2029AEF569005B2380 /* PlayerCollectionViewCell.swift */ = {isa = PBXFileReference; lastKnownFileType = sourcecode.swift; path = PlayerCollectionViewCell.swift; sourceTree = "<group>"; };
		97FF7F2229AEFFAB005B2380 /* PlayerCollectionReusableView.swift */ = {isa = PBXFileReference; lastKnownFileType = sourcecode.swift; path = PlayerCollectionReusableView.swift; sourceTree = "<group>"; };
		97FF7F2429AF05CB005B2380 /* PlayerScrollViewController.swift */ = {isa = PBXFileReference; lastKnownFileType = sourcecode.swift; path = PlayerScrollViewController.swift; sourceTree = "<group>"; };
/* End PBXFileReference section */

/* Begin PBXFrameworksBuildPhase section */
		97A0FCB129AC8FA20077161E /* Frameworks */ = {
			isa = PBXFrameworksBuildPhase;
			buildActionMask = 2147483647;
			files = (
			);
			runOnlyForDeploymentPostprocessing = 0;
		};
/* End PBXFrameworksBuildPhase section */

/* Begin PBXGroup section */
		97A0FCAB29AC8FA20077161E = {
			isa = PBXGroup;
			children = (
				97A0FCB629AC8FA20077161E /* basic-story */,
				97A0FCB529AC8FA20077161E /* Products */,
			);
			sourceTree = "<group>";
		};
		97A0FCB529AC8FA20077161E /* Products */ = {
			isa = PBXGroup;
			children = (
				97A0FCB429AC8FA20077161E /* basic-story.app */,
			);
			name = Products;
			sourceTree = "<group>";
		};
		97A0FCB629AC8FA20077161E /* basic-story */ = {
			isa = PBXGroup;
			children = (
				97C1966129ADAF6C0036804A /* model */,
				97C1965C29ADA1DC0036804A /* cell */,
				97A0FCB729AC8FA20077161E /* AppDelegate.swift */,
				97A0FCB929AC8FA20077161E /* SceneDelegate.swift */,
				97A0FCBB29AC8FA20077161E /* ViewController.swift */,
				97C1966429ADB2350036804A /* PlayerListTableViewController.swift */,
				97C1966629ADB8D50036804A /* PlayerDetailViewController.swift */,
				97FF7F2429AF05CB005B2380 /* PlayerScrollViewController.swift */,
				97A0FCBD29AC8FA20077161E /* Main.storyboard */,
				97A0FCC029AC8FA50077161E /* Assets.xcassets */,
				97A0FCC229AC8FA50077161E /* LaunchScreen.storyboard */,
				97A0FCC529AC8FA50077161E /* Info.plist */,
			);
			path = "basic-story";
			sourceTree = "<group>";
		};
		97C1965C29ADA1DC0036804A /* cell */ = {
			isa = PBXGroup;
			children = (
				97C1965D29ADA20A0036804A /* PlayerListTableViewCell.swift */,
				97C1965E29ADA20A0036804A /* PlayerListTableViewCell.xib */,
				97FF7F2029AEF569005B2380 /* PlayerCollectionViewCell.swift */,
				97FF7F2229AEFFAB005B2380 /* PlayerCollectionReusableView.swift */,
			);
			path = cell;
			sourceTree = "<group>";
		};
		97C1966129ADAF6C0036804A /* model */ = {
			isa = PBXGroup;
			children = (
				97C1966229ADAF940036804A /* PlayerModel.swift */,
			);
			path = model;
			sourceTree = "<group>";
		};
/* End PBXGroup section */

/* Begin PBXNativeTarget section */
		97A0FCB329AC8FA20077161E /* basic-story */ = {
			isa = PBXNativeTarget;
			buildConfigurationList = 97A0FCC829AC8FA50077161E /* Build configuration list for PBXNativeTarget "basic-story" */;
			buildPhases = (
				97A0FCB029AC8FA20077161E /* Sources */,
				97A0FCB129AC8FA20077161E /* Frameworks */,
				97A0FCB229AC8FA20077161E /* Resources */,
			);
			buildRules = (
			);
			dependencies = (
			);
			name = "basic-story";
			productName = "basic-story";
			productReference = 97A0FCB429AC8FA20077161E /* basic-story.app */;
			productType = "com.apple.product-type.application";
		};
/* End PBXNativeTarget section */

/* Begin PBXProject section */
		97A0FCAC29AC8FA20077161E /* Project object */ = {
			isa = PBXProject;
			attributes = {
				BuildIndependentTargetsInParallel = 1;
				LastSwiftUpdateCheck = 1420;
				LastUpgradeCheck = 1420;
				TargetAttributes = {
					97A0FCB329AC8FA20077161E = {
						CreatedOnToolsVersion = 14.2;
					};
				};
			};
			buildConfigurationList = 97A0FCAF29AC8FA20077161E /* Build configuration list for PBXProject "basic-story" */;
			compatibilityVersion = "Xcode 14.0";
			developmentRegion = en;
			hasScannedForEncodings = 0;
			knownRegions = (
				en,
				Base,
			);
			mainGroup = 97A0FCAB29AC8FA20077161E;
			productRefGroup = 97A0FCB529AC8FA20077161E /* Products */;
			projectDirPath = "";
			projectRoot = "";
			targets = (
				97A0FCB329AC8FA20077161E /* basic-story */,
			);
		};
/* End PBXProject section */

/* Begin PBXResourcesBuildPhase section */
		97A0FCB229AC8FA20077161E /* Resources */ = {
			isa = PBXResourcesBuildPhase;
			buildActionMask = 2147483647;
			files = (
				97C1966029ADA20A0036804A /* PlayerListTableViewCell.xib in Resources */,
				97A0FCC429AC8FA50077161E /* LaunchScreen.storyboard in Resources */,
				97A0FCC129AC8FA50077161E /* Assets.xcassets in Resources */,
				97A0FCBF29AC8FA20077161E /* Main.storyboard in Resources */,
			);
			runOnlyForDeploymentPostprocessing = 0;
		};
/* End PBXResourcesBuildPhase section */

/* Begin PBXSourcesBuildPhase section */
		97A0FCB029AC8FA20077161E /* Sources */ = {
			isa = PBXSourcesBuildPhase;
			buildActionMask = 2147483647;
			files = (
				97C1966329ADAF940036804A /* PlayerModel.swift in Sources */,
				97A0FCBC29AC8FA20077161E /* ViewController.swift in Sources */,
				97FF7F2529AF05CB005B2380 /* PlayerScrollViewController.swift in Sources */,
				97C1966729ADB8D50036804A /* PlayerDetailViewController.swift in Sources */,
				97A0FCB829AC8FA20077161E /* AppDelegate.swift in Sources */,
				97FF7F2329AEFFAB005B2380 /* PlayerCollectionReusableView.swift in Sources */,
				97A0FCBA29AC8FA20077161E /* SceneDelegate.swift in Sources */,
				97FF7F2129AEF569005B2380 /* PlayerCollectionViewCell.swift in Sources */,
				97C1965F29ADA20A0036804A /* PlayerListTableViewCell.swift in Sources */,
				97C1966529ADB2350036804A /* PlayerListTableViewController.swift in Sources */,
			);
			runOnlyForDeploymentPostprocessing = 0;
		};
/* End PBXSourcesBuildPhase section */

/* Begin PBXVariantGroup section */
		97A0FCBD29AC8FA20077161E /* Main.storyboard */ = {
			isa = PBXVariantGroup;
			children = (
				97A0FCBE29AC8FA20077161E /* Base */,
			);
			name = Main.storyboard;
			sourceTree = "<group>";
		};
		97A0FCC229AC8FA50077161E /* LaunchScreen.storyboard */ = {
			isa = PBXVariantGroup;
			children = (
				97A0FCC329AC8FA50077161E /* Base */,
			);
			name = LaunchScreen.storyboard;
			sourceTree = "<group>";
		};
/* End PBXVariantGroup section */

/* Begin XCBuildConfiguration section */
		97A0FCC629AC8FA50077161E /* Debug */ = {
			isa = XCBuildConfiguration;
			buildSettings = {
				ALWAYS_SEARCH_USER_PATHS = NO;
				CLANG_ANALYZER_NONNULL = YES;
				CLANG_ANALYZER_NUMBER_OBJECT_CONVERSION = YES_AGGRESSIVE;
				CLANG_CXX_LANGUAGE_STANDARD = "gnu++20";
				CLANG_ENABLE_MODULES = YES;
				CLANG_ENABLE_OBJC_ARC = YES;
				CLANG_ENABLE_OBJC_WEAK = YES;
				CLANG_WARN_BLOCK_CAPTURE_AUTORELEASING = YES;
				CLANG_WARN_BOOL_CONVERSION = YES;
				CLANG_WARN_COMMA = YES;
				CLANG_WARN_CONSTANT_CONVERSION = YES;
				CLANG_WARN_DEPRECATED_OBJC_IMPLEMENTATIONS = YES;
				CLANG_WARN_DIRECT_OBJC_ISA_USAGE = YES_ERROR;
				CLANG_WARN_DOCUMENTATION_COMMENTS = YES;
				CLANG_WARN_EMPTY_BODY = YES;
				CLANG_WARN_ENUM_CONVERSION = YES;
				CLANG_WARN_INFINITE_RECURSION = YES;
				CLANG_WARN_INT_CONVERSION = YES;
				CLANG_WARN_NON_LITERAL_NULL_CONVERSION = YES;
				CLANG_WARN_OBJC_IMPLICIT_RETAIN_SELF = YES;
				CLANG_WARN_OBJC_LITERAL_CONVERSION = YES;
				CLANG_WARN_OBJC_ROOT_CLASS = YES_ERROR;
				CLANG_WARN_QUOTED_INCLUDE_IN_FRAMEWORK_HEADER = YES;
				CLANG_WARN_RANGE_LOOP_ANALYSIS = YES;
				CLANG_WARN_STRICT_PROTOTYPES = YES;
				CLANG_WARN_SUSPICIOUS_MOVE = YES;
				CLANG_WARN_UNGUARDED_AVAILABILITY = YES_AGGRESSIVE;
				CLANG_WARN_UNREACHABLE_CODE = YES;
				CLANG_WARN__DUPLICATE_METHOD_MATCH = YES;
				COPY_PHASE_STRIP = NO;
				DEBUG_INFORMATION_FORMAT = dwarf;
				ENABLE_STRICT_OBJC_MSGSEND = YES;
				ENABLE_TESTABILITY = YES;
				GCC_C_LANGUAGE_STANDARD = gnu11;
				GCC_DYNAMIC_NO_PIC = NO;
				GCC_NO_COMMON_BLOCKS = YES;
				GCC_OPTIMIZATION_LEVEL = 0;
				GCC_PREPROCESSOR_DEFINITIONS = (
					"DEBUG=1",
					"$(inherited)",
				);
				GCC_WARN_64_TO_32_BIT_CONVERSION = YES;
				GCC_WARN_ABOUT_RETURN_TYPE = YES_ERROR;
				GCC_WARN_UNDECLARED_SELECTOR = YES;
				GCC_WARN_UNINITIALIZED_AUTOS = YES_AGGRESSIVE;
				GCC_WARN_UNUSED_FUNCTION = YES;
				GCC_WARN_UNUSED_VARIABLE = YES;
				IPHONEOS_DEPLOYMENT_TARGET = 16.2;
				MTL_ENABLE_DEBUG_INFO = INCLUDE_SOURCE;
				MTL_FAST_MATH = YES;
				ONLY_ACTIVE_ARCH = YES;
				SDKROOT = iphoneos;
				SWIFT_ACTIVE_COMPILATION_CONDITIONS = DEBUG;
				SWIFT_OPTIMIZATION_LEVEL = "-Onone";
			};
			name = Debug;
		};
		97A0FCC729AC8FA50077161E /* Release */ = {
			isa = XCBuildConfiguration;
			buildSettings = {
				ALWAYS_SEARCH_USER_PATHS = NO;
				CLANG_ANALYZER_NONNULL = YES;
				CLANG_ANALYZER_NUMBER_OBJECT_CONVERSION = YES_AGGRESSIVE;
				CLANG_CXX_LANGUAGE_STANDARD = "gnu++20";
				CLANG_ENABLE_MODULES = YES;
				CLANG_ENABLE_OBJC_ARC = YES;
				CLANG_ENABLE_OBJC_WEAK = YES;
				CLANG_WARN_BLOCK_CAPTURE_AUTORELEASING = YES;
				CLANG_WARN_BOOL_CONVERSION = YES;
				CLANG_WARN_COMMA = YES;
				CLANG_WARN_CONSTANT_CONVERSION = YES;
				CLANG_WARN_DEPRECATED_OBJC_IMPLEMENTATIONS = YES;
				CLANG_WARN_DIRECT_OBJC_ISA_USAGE = YES_ERROR;
				CLANG_WARN_DOCUMENTATION_COMMENTS = YES;
				CLANG_WARN_EMPTY_BODY = YES;
				CLANG_WARN_ENUM_CONVERSION = YES;
				CLANG_WARN_INFINITE_RECURSION = YES;
				CLANG_WARN_INT_CONVERSION = YES;
				CLANG_WARN_NON_LITERAL_NULL_CONVERSION = YES;
				CLANG_WARN_OBJC_IMPLICIT_RETAIN_SELF = YES;
				CLANG_WARN_OBJC_LITERAL_CONVERSION = YES;
				CLANG_WARN_OBJC_ROOT_CLASS = YES_ERROR;
				CLANG_WARN_QUOTED_INCLUDE_IN_FRAMEWORK_HEADER = YES;
				CLANG_WARN_RANGE_LOOP_ANALYSIS = YES;
				CLANG_WARN_STRICT_PROTOTYPES = YES;
				CLANG_WARN_SUSPICIOUS_MOVE = YES;
				CLANG_WARN_UNGUARDED_AVAILABILITY = YES_AGGRESSIVE;
				CLANG_WARN_UNREACHABLE_CODE = YES;
				CLANG_WARN__DUPLICATE_METHOD_MATCH = YES;
				COPY_PHASE_STRIP = NO;
				DEBUG_INFORMATION_FORMAT = "dwarf-with-dsym";
				ENABLE_NS_ASSERTIONS = NO;
				ENABLE_STRICT_OBJC_MSGSEND = YES;
				GCC_C_LANGUAGE_STANDARD = gnu11;
				GCC_NO_COMMON_BLOCKS = YES;
				GCC_WARN_64_TO_32_BIT_CONVERSION = YES;
				GCC_WARN_ABOUT_RETURN_TYPE = YES_ERROR;
				GCC_WARN_UNDECLARED_SELECTOR = YES;
				GCC_WARN_UNINITIALIZED_AUTOS = YES_AGGRESSIVE;
				GCC_WARN_UNUSED_FUNCTION = YES;
				GCC_WARN_UNUSED_VARIABLE = YES;
				IPHONEOS_DEPLOYMENT_TARGET = 16.2;
				MTL_ENABLE_DEBUG_INFO = NO;
				MTL_FAST_MATH = YES;
				SDKROOT = iphoneos;
				SWIFT_COMPILATION_MODE = wholemodule;
				SWIFT_OPTIMIZATION_LEVEL = "-O";
				VALIDATE_PRODUCT = YES;
			};
			name = Release;
		};
		97A0FCC929AC8FA50077161E /* Debug */ = {
			isa = XCBuildConfiguration;
			buildSettings = {
				ASSETCATALOG_COMPILER_APPICON_NAME = AppIcon;
				ASSETCATALOG_COMPILER_GLOBAL_ACCENT_COLOR_NAME = AccentColor;
				CODE_SIGN_STYLE = Automatic;
				CURRENT_PROJECT_VERSION = 1;
				DEVELOPMENT_TEAM = NJE58N5LY3;
				GENERATE_INFOPLIST_FILE = YES;
				INFOPLIST_FILE = "basic-story/Info.plist";
				INFOPLIST_KEY_UIApplicationSupportsIndirectInputEvents = YES;
				INFOPLIST_KEY_UILaunchStoryboardName = LaunchScreen;
				INFOPLIST_KEY_UIMainStoryboardFile = Main;
				INFOPLIST_KEY_UISupportedInterfaceOrientations_iPad = "UIInterfaceOrientationPortrait UIInterfaceOrientationPortraitUpsideDown UIInterfaceOrientationLandscapeLeft UIInterfaceOrientationLandscapeRight";
				INFOPLIST_KEY_UISupportedInterfaceOrientations_iPhone = "UIInterfaceOrientationPortrait UIInterfaceOrientationLandscapeLeft UIInterfaceOrientationLandscapeRight";
				LD_RUNPATH_SEARCH_PATHS = (
					"$(inherited)",
					"@executable_path/Frameworks",
				);
				MARKETING_VERSION = 1.0;
				PRODUCT_BUNDLE_IDENTIFIER = "com.furball.bs.basic-story";
				PRODUCT_NAME = "$(TARGET_NAME)";
				SWIFT_EMIT_LOC_STRINGS = YES;
				SWIFT_VERSION = 5.0;
				TARGETED_DEVICE_FAMILY = "1,2";
			};
			name = Debug;
		};
		97A0FCCA29AC8FA50077161E /* Release */ = {
			isa = XCBuildConfiguration;
			buildSettings = {
				ASSETCATALOG_COMPILER_APPICON_NAME = AppIcon;
				ASSETCATALOG_COMPILER_GLOBAL_ACCENT_COLOR_NAME = AccentColor;
				CODE_SIGN_STYLE = Automatic;
				CURRENT_PROJECT_VERSION = 1;
				DEVELOPMENT_TEAM = NJE58N5LY3;
				GENERATE_INFOPLIST_FILE = YES;
				INFOPLIST_FILE = "basic-story/Info.plist";
				INFOPLIST_KEY_UIApplicationSupportsIndirectInputEvents = YES;
				INFOPLIST_KEY_UILaunchStoryboardName = LaunchScreen;
				INFOPLIST_KEY_UIMainStoryboardFile = Main;
				INFOPLIST_KEY_UISupportedInterfaceOrientations_iPad = "UIInterfaceOrientationPortrait UIInterfaceOrientationPortraitUpsideDown UIInterfaceOrientationLandscapeLeft UIInterfaceOrientationLandscapeRight";
				INFOPLIST_KEY_UISupportedInterfaceOrientations_iPhone = "UIInterfaceOrientationPortrait UIInterfaceOrientationLandscapeLeft UIInterfaceOrientationLandscapeRight";
				LD_RUNPATH_SEARCH_PATHS = (
					"$(inherited)",
					"@executable_path/Frameworks",
				);
				MARKETING_VERSION = 1.0;
				PRODUCT_BUNDLE_IDENTIFIER = "com.furball.bs.basic-story";
				PRODUCT_NAME = "$(TARGET_NAME)";
				SWIFT_EMIT_LOC_STRINGS = YES;
				SWIFT_VERSION = 5.0;
				TARGETED_DEVICE_FAMILY = "1,2";
			};
			name = Release;
		};
/* End XCBuildConfiguration section */

/* Begin XCConfigurationList section */
		97A0FCAF29AC8FA20077161E /* Build configuration list for PBXProject "basic-story" */ = {
			isa = XCConfigurationList;
			buildConfigurations = (
				97A0FCC629AC8FA50077161E /* Debug */,
				97A0FCC729AC8FA50077161E /* Release */,
			);
			defaultConfigurationIsVisible = 0;
			defaultConfigurationName = Release;
		};
		97A0FCC829AC8FA50077161E /* Build configuration list for PBXNativeTarget "basic-story" */ = {
			isa = XCConfigurationList;
			buildConfigurations = (
				97A0FCC929AC8FA50077161E /* Debug */,
				97A0FCCA29AC8FA50077161E /* Release */,
			);
			defaultConfigurationIsVisible = 0;
			defaultConfigurationName = Release;
		};
/* End XCConfigurationList section */
	};
	rootObject = 97A0FCAC29AC8FA20077161E /* Project object */;
}
